{
  "pins" : [
    {
      "identity" : "lottie-ios",
      "kind" : "remoteSourceControl",
      "location" : "https://github.com/airbnb/lottie-ios.git",
      "state" : {
        "branch" : "master",
        "revision" : "cdf8499996eec658e62d1a116c1d87853d563101"
      }
    }
  ],
  "version" : 2
}
